<?xml version="1.0" encoding="utf-8"?>
<Project ToolsVersion="4.0" xmlns="http://schemas.microsoft.com/developer/msbuild/2003">
  <ItemGroup>
    <Filter Include="ソース ファイル">
      <UniqueIdentifier>{4FC737F1-C7A5-4376-A066-2A32D752A2FF}</UniqueIdentifier>
      <Extensions>cpp;c;cc;cxx;c++;cppm;ixx;def;odl;idl;hpj;bat;asm;asmx</Extensions>
    </Filter>
    <Filter Include="ヘッダー ファイル">
      <UniqueIdentifier>{93995380-89BD-4b04-88EB-625FBE52EBFB}</UniqueIdentifier>
      <Extensions>h;hh;hpp;hxx;h++;hm;inl;inc;ipp;xsd</Extensions>
    </Filter>
    <Filter Include="リソース ファイル">
      <UniqueIdentifier>{67DA6AB6-F800-4c08-8B7A-83BB121AAD01}</UniqueIdentifier>
      <Extensions>rc;ico;cur;bmp;dlg;rc2;rct;bin;rgs;gif;jpg;jpeg;jpe;resx;tiff;tif;png;wav;mfcribbon-ms</Extensions>
    </Filter>
    <Filter Include="リソース ファイル\Shaders">
      <UniqueIdentifier>{a1981633-6117-41cb-9e5f-150d7c3d3127}</UniqueIdentifier>
    </Filter>
    <Filter Include="リソース ファイル\Textures">
      <UniqueIdentifier>{a71e3926-b9a1-4492-a3d6-5e5f2595cd97}</UniqueIdentifier>
    </Filter>
    <Filter Include="リソース ファイル\Levels">
      <UniqueIdentifier>{c3d86869-5299-47c9-89fd-55a1dbc03f0e}</UniqueIdentifier>
    </Filter>
  </ItemGroup>
  <ItemGroup>
    <ClCompile Include="program.cpp">
      <Filter>ソース ファイル</Filter>
    </ClCompile>
    <ClCompile Include="..\..\opengl_glfw_tutorial\downloads\glad\src\gl.c">
      <Filter>ソース ファイル</Filter>
    </ClCompile>
    <ClCompile Include="game.cpp">
      <Filter>ソース ファイル</Filter>
    </ClCompile>
    <ClCompile Include="shader.cpp">
      <Filter>ソース ファイル</Filter>
    </ClCompile>
    <ClCompile Include="texture.cpp">
      <Filter>ソース ファイル</Filter>
    </ClCompile>
    <ClCompile Include="resourceManager.cpp">
      <Filter>ソース ファイル</Filter>
    </ClCompile>
    <ClCompile Include="stb.cpp">
      <Filter>ソース ファイル</Filter>
    </ClCompile>
    <ClCompile Include="spriteRenderer.cpp">
      <Filter>ソース ファイル</Filter>
    </ClCompile>
    <ClCompile Include="gameObject.cpp">
      <Filter>ソース ファイル</Filter>
    </ClCompile>
    <ClCompile Include="gameLevel.cpp">
      <Filter>ソース ファイル</Filter>
    </ClCompile>
    <ClCompile Include="ballObject.cpp">
      <Filter>ソース ファイル</Filter>
    </ClCompile>
    <ClCompile Include="particleGenerator.cpp">
      <Filter>ソース ファイル</Filter>
    </ClCompile>
  </ItemGroup>
  <ItemGroup>
    <ClInclude Include="gl.h">
      <Filter>ヘッダー ファイル</Filter>
    </ClInclude>
    <ClInclude Include="game.h">
      <Filter>ヘッダー ファイル</Filter>
    </ClInclude>
    <ClInclude Include="shader.h">
      <Filter>ヘッダー ファイル</Filter>
    </ClInclude>
    <ClInclude Include="texture.h">
      <Filter>ヘッダー ファイル</Filter>
    </ClInclude>
    <ClInclude Include="resourceManager.h">
      <Filter>ヘッダー ファイル</Filter>
    </ClInclude>
    <ClInclude Include="spriteRenderer.h">
      <Filter>ヘッダー ファイル</Filter>
    </ClInclude>
    <ClInclude Include="gameObject.h">
      <Filter>ヘッダー ファイル</Filter>
    </ClInclude>
    <ClInclude Include="gameLevel.h">
      <Filter>ヘッダー ファイル</Filter>
    </ClInclude>
    <ClInclude Include="ballObject.h">
      <Filter>ヘッダー ファイル</Filter>
    </ClInclude>
    <ClInclude Include="particleGenerator.h">
      <Filter>ヘッダー ファイル</Filter>
    </ClInclude>
  </ItemGroup>
  <ItemGroup>
    <None Include="Levels\three.lvl">
      <Filter>リソース ファイル\Levels</Filter>
    </None>
    <None Include="Levels\two.lvl">
      <Filter>リソース ファイル\Levels</Filter>
    </None>
    <None Include="Levels\four.lvl">
      <Filter>リソース ファイル\Levels</Filter>
    </None>
    <None Include="Levels\one.lvl">
      <Filter>リソース ファイル\Levels</Filter>
    </None>
    <None Include="Shaders\particle.frag">
      <Filter>リソース ファイル\Shaders</Filter>
    </None>
    <None Include="Shaders\particle.vert">
      <Filter>リソース ファイル\Shaders</Filter>
    </None>
    <None Include="Shaders\sprite.frag">
      <Filter>リソース ファイル\Shaders</Filter>
    </None>
    <None Include="Shaders\sprite.vert">
      <Filter>リソース ファイル\Shaders</Filter>
    </None>
  </ItemGroup>
  <ItemGroup>
    <Image Include="Textures\pop_cat.png">
      <Filter>リソース ファイル\Textures</Filter>
    </Image>
    <Image Include="Textures\background.jpg">
      <Filter>リソース ファイル\Textures</Filter>
    </Image>
    <Image Include="Textures\block.png">
      <Filter>リソース ファイル\Textures</Filter>
    </Image>
    <Image Include="Textures\block_solid.png">
      <Filter>リソース ファイル\Textures</Filter>
    </Image>
    <Image Include="Textures\paddle.png">
      <Filter>リソース ファイル\Textures</Filter>
    </Image>
    <Image Include="Textures\awesomeface.png">
      <Filter>リソース ファイル</Filter>
    </Image>
  </ItemGroup>
</Project>