<?xml version="1.0" encoding="utf-8"?>
<Project ToolsVersion="4.0" xmlns="http://schemas.microsoft.com/developer/msbuild/2003">
  <ItemGroup>
    <Filter Include="ソース ファイル">
      <UniqueIdentifier>{4FC737F1-C7A5-4376-A066-2A32D752A2FF}</UniqueIdentifier>
      <Extensions>cpp;c;cc;cxx;c++;cppm;ixx;def;odl;idl;hpj;bat;asm;asmx</Extensions>
    </Filter>
    <Filter Include="ヘッダー ファイル">
      <UniqueIdentifier>{93995380-89BD-4b04-88EB-625FBE52EBFB}</UniqueIdentifier>
      <Extensions>h;hh;hpp;hxx;h++;hm;inl;inc;ipp;xsd</Extensions>
    </Filter>
    <Filter Include="リソース ファイル">
      <UniqueIdentifier>{67DA6AB6-F800-4c08-8B7A-83BB121AAD01}</UniqueIdentifier>
      <Extensions>rc;ico;cur;bmp;dlg;rc2;rct;bin;rgs;gif;jpg;jpeg;jpe;resx;tiff;tif;png;wav;mfcribbon-ms</Extensions>
    </Filter>
    <Filter Include="リソース ファイル\Shaders">
      <UniqueIdentifier>{a1981633-6117-41cb-9e5f-150d7c3d3127}</UniqueIdentifier>
    </Filter>
    <Filter Include="リソース ファイル\Textures">
      <UniqueIdentifier>{a71e3926-b9a1-4492-a3d6-5e5f2595cd97}</UniqueIdentifier>
    </Filter>
    <Filter Include="リソース ファイル\Levels">
      <UniqueIdentifier>{c3d86869-5299-47c9-89fd-55a1dbc03f0e}</UniqueIdentifier>
    </Filter>
    <Filter Include="リソース ファイル\Textures\PowerUp">
      <UniqueIdentifier>{aef4de44-5d7a-4499-8f87-4eb2908947cc}</UniqueIdentifier>
    </Filter>
    <Filter Include="ソース ファイル\Actor">
      <UniqueIdentifier>{33ca50ab-e8ad-448b-9703-f15ab87436ea}</UniqueIdentifier>
    </Filter>
    <Filter Include="ヘッダー ファイル\Actor">
      <UniqueIdentifier>{22fe5c02-3d94-4c06-bf32-79b09af15bcf}</UniqueIdentifier>
    </Filter>
    <Filter Include="リソース ファイル\Audio">
      <UniqueIdentifier>{64a45acd-c532-44fb-9c59-3da56f767e57}</UniqueIdentifier>
    </Filter>
    <Filter Include="リソース ファイル\Audio\BGM">
      <UniqueIdentifier>{d6be0d77-f731-4514-bdde-a7a1aa88991e}</UniqueIdentifier>
    </Filter>
    <Filter Include="リソース ファイル\Audio\SE">
      <UniqueIdentifier>{a274271a-094a-47d3-b008-f3318b0662b6}</UniqueIdentifier>
    </Filter>
    <Filter Include="ソース ファイル\UI">
      <UniqueIdentifier>{7ec4c9eb-a30c-4848-915c-8e41e21d6250}</UniqueIdentifier>
    </Filter>
    <Filter Include="ヘッダー ファイル\UI">
      <UniqueIdentifier>{1bc2597e-e775-4c68-bf51-b524db425a8c}</UniqueIdentifier>
    </Filter>
    <Filter Include="リソース ファイル\Fonts">
      <UniqueIdentifier>{af251812-7215-4f69-ac5a-282f41ea3668}</UniqueIdentifier>
    </Filter>
    <Filter Include="ソース ファイル\Scene">
      <UniqueIdentifier>{a444fa62-02b8-41cb-a35a-bb36be6a3da1}</UniqueIdentifier>
    </Filter>
    <Filter Include="ヘッダー ファイル\Scene">
      <UniqueIdentifier>{0cef6792-6327-40df-9f14-fc9a3dd5b4ba}</UniqueIdentifier>
    </Filter>
    <Filter Include="ヘッダー ファイル\MyInclude">
      <UniqueIdentifier>{f3874dc4-b43b-49c2-ba93-ca3fc174f3bb}</UniqueIdentifier>
    </Filter>
    <Filter Include="ソース ファイル\Device">
      <UniqueIdentifier>{a358a365-34be-4187-8033-4f7c373147be}</UniqueIdentifier>
    </Filter>
    <Filter Include="ヘッダー ファイル\Device">
      <UniqueIdentifier>{4999847d-2be8-41a3-ab68-428486559e20}</UniqueIdentifier>
    </Filter>
    <Filter Include="ソース ファイル\Effect">
      <UniqueIdentifier>{d4a2186a-f9d2-4719-bac9-59f7baa5fafd}</UniqueIdentifier>
    </Filter>
    <Filter Include="ヘッダー ファイル\Effect">
      <UniqueIdentifier>{324bbd99-b912-4365-b8a4-8cf1f9fa197d}</UniqueIdentifier>
    </Filter>
    <Filter Include="ソース ファイル\Define">
      <UniqueIdentifier>{0a7e34e6-9ce0-4b40-b47b-f26cdedf15f1}</UniqueIdentifier>
    </Filter>
    <Filter Include="ヘッダー ファイル\Define">
      <UniqueIdentifier>{71d1a0b1-dc5c-43e6-b957-31ee245a7aaf}</UniqueIdentifier>
    </Filter>
    <Filter Include="ヘッダー ファイル\Actor\Level">
      <UniqueIdentifier>{b178855e-53c2-4650-af22-8047a731a335}</UniqueIdentifier>
    </Filter>
    <Filter Include="ソース ファイル\Actor\Level">
      <UniqueIdentifier>{d03d30dd-ca5d-44f5-9255-f0800f1db01b}</UniqueIdentifier>
    </Filter>
  </ItemGroup>
  <ItemGroup>
    <ClCompile Include="program.cpp">
      <Filter>ソース ファイル</Filter>
    </ClCompile>
    <ClCompile Include="..\..\opengl_glfw_tutorial\downloads\glad\src\gl.c">
      <Filter>ソース ファイル</Filter>
    </ClCompile>
    <ClCompile Include="game.cpp">
      <Filter>ソース ファイル</Filter>
    </ClCompile>
    <ClCompile Include="stb.cpp">
      <Filter>ソース ファイル</Filter>
    </ClCompile>
    <ClCompile Include="UI\textRenderer.cpp">
      <Filter>ソース ファイル\UI</Filter>
    </ClCompile>
    <ClCompile Include="Device\input.cpp">
      <Filter>ソース ファイル\Device</Filter>
    </ClCompile>
    <ClCompile Include="Define\screenDesc.cpp">
      <Filter>ソース ファイル\Define</Filter>
    </ClCompile>
    <ClCompile Include="Actor\Level\gameLevel.cpp">
      <Filter>ソース ファイル\Actor\Level</Filter>
    </ClCompile>
    <ClCompile Include="Actor\ballCollider.cpp">
      <Filter>ソース ファイル\Actor</Filter>
    </ClCompile>
    <ClCompile Include="Actor\ballObject.cpp">
      <Filter>ソース ファイル\Actor</Filter>
    </ClCompile>
    <ClCompile Include="Actor\boxCollider.cpp">
      <Filter>ソース ファイル\Actor</Filter>
    </ClCompile>
    <ClCompile Include="Actor\brock.cpp">
      <Filter>ソース ファイル\Actor</Filter>
    </ClCompile>
    <ClCompile Include="Actor\collider.cpp">
      <Filter>ソース ファイル\Actor</Filter>
    </ClCompile>
    <ClCompile Include="Actor\gameObjectMediator.cpp">
      <Filter>ソース ファイル\Actor</Filter>
    </ClCompile>
    <ClCompile Include="Actor\player.cpp">
      <Filter>ソース ファイル\Actor</Filter>
    </ClCompile>
    <ClCompile Include="Actor\powerUp.cpp">
      <Filter>ソース ファイル\Actor</Filter>
    </ClCompile>
    <ClCompile Include="Actor\powerUpManager.cpp">
      <Filter>ソース ファイル\Actor</Filter>
    </ClCompile>
    <ClCompile Include="Device\resourceManager.cpp">
      <Filter>ソース ファイル\Device</Filter>
    </ClCompile>
    <ClCompile Include="Device\spriteRenderer.cpp">
      <Filter>ソース ファイル\Device</Filter>
    </ClCompile>
    <ClCompile Include="Effect\particleGenerator.cpp">
      <Filter>ソース ファイル\Effect</Filter>
    </ClCompile>
    <ClCompile Include="Effect\postProcessor.cpp">
      <Filter>ソース ファイル\Effect</Filter>
    </ClCompile>
    <ClCompile Include="Effect\shader.cpp">
      <Filter>ソース ファイル\Effect</Filter>
    </ClCompile>
    <ClCompile Include="Effect\texture.cpp">
      <Filter>ソース ファイル\Effect</Filter>
    </ClCompile>
    <ClCompile Include="Scene\abstractScene.cpp">
      <Filter>ソース ファイル\Scene</Filter>
    </ClCompile>
    <ClCompile Include="Scene\endScene.cpp">
      <Filter>ソース ファイル\Scene</Filter>
    </ClCompile>
    <ClCompile Include="Scene\gameMainScene.cpp">
      <Filter>ソース ファイル\Scene</Filter>
    </ClCompile>
    <ClCompile Include="Scene\sceneManager.cpp">
      <Filter>ソース ファイル\Scene</Filter>
    </ClCompile>
    <ClCompile Include="Scene\sceneMediator.cpp">
      <Filter>ソース ファイル\Scene</Filter>
    </ClCompile>
    <ClCompile Include="Scene\titleScene.cpp">
      <Filter>ソース ファイル\Scene</Filter>
    </ClCompile>
    <ClCompile Include="gameObject.cpp">
      <Filter>ソース ファイル</Filter>
    </ClCompile>
  </ItemGroup>
  <ItemGroup>
    <ClInclude Include="gl.h">
      <Filter>ヘッダー ファイル</Filter>
    </ClInclude>
    <ClInclude Include="game.h">
      <Filter>ヘッダー ファイル</Filter>
    </ClInclude>
    <ClInclude Include="UI\textRenderer.h">
      <Filter>ヘッダー ファイル\UI</Filter>
    </ClInclude>
    <ClInclude Include="MyInclude\resourceManager.h">
      <Filter>ヘッダー ファイル\MyInclude</Filter>
    </ClInclude>
    <ClInclude Include="MyInclude\particleGenerator.h">
      <Filter>ヘッダー ファイル\MyInclude</Filter>
    </ClInclude>
    <ClInclude Include="MyInclude\textRenderer.h">
      <Filter>ヘッダー ファイル\MyInclude</Filter>
    </ClInclude>
    <ClInclude Include="MyInclude\postProcessor.h">
      <Filter>ヘッダー ファイル\MyInclude</Filter>
    </ClInclude>
    <ClInclude Include="Device\input.h">
      <Filter>ヘッダー ファイル\Device</Filter>
    </ClInclude>
    <ClInclude Include="MyInclude\input.h">
      <Filter>ヘッダー ファイル\MyInclude</Filter>
    </ClInclude>
    <ClInclude Include="MyInclude\ballObject.h">
      <Filter>ヘッダー ファイル\MyInclude</Filter>
    </ClInclude>
    <ClInclude Include="MyInclude\gameLevel.h">
      <Filter>ヘッダー ファイル\MyInclude</Filter>
    </ClInclude>
    <ClInclude Include="Effect\particleGenerator.h">
      <Filter>ヘッダー ファイル\Effect</Filter>
    </ClInclude>
    <ClInclude Include="MyInclude\powerUp.h">
      <Filter>ヘッダー ファイル\MyInclude</Filter>
    </ClInclude>
    <ClInclude Include="MyInclude\texture.h">
      <Filter>ヘッダー ファイル\MyInclude</Filter>
    </ClInclude>
    <ClInclude Include="MyInclude\shader.h">
      <Filter>ヘッダー ファイル\MyInclude</Filter>
    </ClInclude>
    <ClInclude Include="MyInclude\gameObject.h">
      <Filter>ヘッダー ファイル\MyInclude</Filter>
    </ClInclude>
    <ClInclude Include="Define\screenDesc.h">
      <Filter>ヘッダー ファイル\Define</Filter>
    </ClInclude>
    <ClInclude Include="MyInclude\screenDesc.h">
      <Filter>ヘッダー ファイル\MyInclude</Filter>
    </ClInclude>
    <ClInclude Include="MyInclude\gameMainScene.h">
      <Filter>ヘッダー ファイル\MyInclude</Filter>
    </ClInclude>
    <ClInclude Include="MyInclude\brock.h">
      <Filter>ヘッダー ファイル\MyInclude</Filter>
    </ClInclude>
    <ClInclude Include="MyInclude\player.h">
      <Filter>ヘッダー ファイル\MyInclude</Filter>
    </ClInclude>
    <ClInclude Include="MyInclude\spriteRenderer.h">
      <Filter>ヘッダー ファイル\MyInclude</Filter>
    </ClInclude>
    <ClInclude Include="Actor\Level\gameLevel.h">
      <Filter>ヘッダー ファイル\Actor\Level</Filter>
    </ClInclude>
    <ClInclude Include="gameObject.h">
      <Filter>ヘッダー ファイル</Filter>
    </ClInclude>
    <ClInclude Include="Actor\ballCollider.h">
      <Filter>ヘッダー ファイル\Actor</Filter>
    </ClInclude>
    <ClInclude Include="Actor\ballObject.h">
      <Filter>ヘッダー ファイル\Actor</Filter>
    </ClInclude>
    <ClInclude Include="Actor\boxCollider.h">
      <Filter>ヘッダー ファイル\Actor</Filter>
    </ClInclude>
    <ClInclude Include="Actor\brock.h">
      <Filter>ヘッダー ファイル\Actor</Filter>
    </ClInclude>
    <ClInclude Include="Actor\collider.h">
      <Filter>ヘッダー ファイル\Actor</Filter>
    </ClInclude>
    <ClInclude Include="Actor\gameObjectMediator.h">
      <Filter>ヘッダー ファイル\Actor</Filter>
    </ClInclude>
    <ClInclude Include="Actor\player.h">
      <Filter>ヘッダー ファイル\Actor</Filter>
    </ClInclude>
    <ClInclude Include="Actor\powerUp.h">
      <Filter>ヘッダー ファイル\Actor</Filter>
    </ClInclude>
    <ClInclude Include="Actor\powerUpManager.h">
      <Filter>ヘッダー ファイル\Actor</Filter>
    </ClInclude>
    <ClInclude Include="Device\resourceManager.h">
      <Filter>ヘッダー ファイル\Device</Filter>
    </ClInclude>
    <ClInclude Include="Device\spriteRenderer.h">
      <Filter>ヘッダー ファイル\Device</Filter>
    </ClInclude>
    <ClInclude Include="Effect\postProcessor.h">
      <Filter>ヘッダー ファイル\Effect</Filter>
    </ClInclude>
    <ClInclude Include="Effect\shader.h">
      <Filter>ヘッダー ファイル\Effect</Filter>
    </ClInclude>
    <ClInclude Include="Effect\texture.h">
      <Filter>ヘッダー ファイル\Effect</Filter>
    </ClInclude>
    <ClInclude Include="Scene\abstractScene.h">
      <Filter>ヘッダー ファイル\Scene</Filter>
    </ClInclude>
    <ClInclude Include="Scene\endScene.h">
      <Filter>ヘッダー ファイル\Scene</Filter>
    </ClInclude>
    <ClInclude Include="Scene\gameMainScene.h">
      <Filter>ヘッダー ファイル\Scene</Filter>
    </ClInclude>
    <ClInclude Include="Scene\iScene.h">
      <Filter>ヘッダー ファイル\Scene</Filter>
    </ClInclude>
    <ClInclude Include="Scene\sceneManager.h">
      <Filter>ヘッダー ファイル\Scene</Filter>
    </ClInclude>
    <ClInclude Include="Scene\sceneMediator.h">
      <Filter>ヘッダー ファイル\Scene</Filter>
    </ClInclude>
    <ClInclude Include="Scene\titleScene.h">
      <Filter>ヘッダー ファイル\Scene</Filter>
    </ClInclude>
    <ClInclude Include="MyInclude\gameObjectMediator.h">
      <Filter>ヘッダー ファイル\MyInclude</Filter>
    </ClInclude>
    <ClInclude Include="MyInclude\powerUpManager.h">
      <Filter>ヘッダー ファイル\MyInclude</Filter>
    </ClInclude>
    <ClInclude Include="MyInclude\ballCollider.h">
      <Filter>ヘッダー ファイル\MyInclude</Filter>
    </ClInclude>
    <ClInclude Include="MyInclude\collider.h">
      <Filter>ヘッダー ファイル\MyInclude</Filter>
    </ClInclude>
    <ClInclude Include="MyInclude\boxCollider.h">
      <Filter>ヘッダー ファイル\MyInclude</Filter>
    </ClInclude>
  </ItemGroup>
  <ItemGroup>
    <None Include="Levels\three.lvl">
      <Filter>リソース ファイル\Levels</Filter>
    </None>
    <None Include="Levels\two.lvl">
      <Filter>リソース ファイル\Levels</Filter>
    </None>
    <None Include="Levels\four.lvl">
      <Filter>リソース ファイル\Levels</Filter>
    </None>
    <None Include="Levels\one.lvl">
      <Filter>リソース ファイル\Levels</Filter>
    </None>
    <None Include="Shaders\particle.frag">
      <Filter>リソース ファイル\Shaders</Filter>
    </None>
    <None Include="Shaders\particle.vert">
      <Filter>リソース ファイル\Shaders</Filter>
    </None>
    <None Include="Shaders\sprite.frag">
      <Filter>リソース ファイル\Shaders</Filter>
    </None>
    <None Include="Shaders\sprite.vert">
      <Filter>リソース ファイル\Shaders</Filter>
    </None>
    <None Include="Shaders\postProcessing.vert">
      <Filter>リソース ファイル\Shaders</Filter>
    </None>
    <None Include="Shaders\postProcessing.frag">
      <Filter>リソース ファイル\Shaders</Filter>
    </None>
    <None Include="Shaders\text_2d.vert">
      <Filter>リソース ファイル\Shaders</Filter>
    </None>
    <None Include="Shaders\text_2d.frag">
      <Filter>リソース ファイル\Shaders</Filter>
    </None>
  </ItemGroup>
  <ItemGroup>
    <Image Include="Textures\pop_cat.png">
      <Filter>リソース ファイル\Textures</Filter>
    </Image>
    <Image Include="Textures\background.jpg">
      <Filter>リソース ファイル\Textures</Filter>
    </Image>
    <Image Include="Textures\block.png">
      <Filter>リソース ファイル\Textures</Filter>
    </Image>
    <Image Include="Textures\block_solid.png">
      <Filter>リソース ファイル\Textures</Filter>
    </Image>
    <Image Include="Textures\paddle.png">
      <Filter>リソース ファイル\Textures</Filter>
    </Image>
    <Image Include="Textures\PowerUp\powerup_sticky.png">
      <Filter>リソース ファイル\Textures\PowerUp</Filter>
    </Image>
    <Image Include="Textures\PowerUp\powerup_chaos.png">
      <Filter>リソース ファイル\Textures\PowerUp</Filter>
    </Image>
    <Image Include="Textures\PowerUp\powerup_confuse.png">
      <Filter>リソース ファイル\Textures\PowerUp</Filter>
    </Image>
    <Image Include="Textures\PowerUp\powerup_increase.png">
      <Filter>リソース ファイル\Textures\PowerUp</Filter>
    </Image>
    <Image Include="Textures\PowerUp\powerup_passthrough.png">
      <Filter>リソース ファイル\Textures\PowerUp</Filter>
    </Image>
    <Image Include="Textures\PowerUp\powerup_speed.png">
      <Filter>リソース ファイル\Textures\PowerUp</Filter>
    </Image>
    <Image Include="Textures\awesomeface.png">
      <Filter>リソース ファイル\Textures</Filter>
    </Image>
  </ItemGroup>
  <ItemGroup>
    <Media Include="Music\breakout.mp3">
      <Filter>リソース ファイル\Audio\BGM</Filter>
    </Media>
    <Media Include="Audio\SE\bleep.wav">
      <Filter>リソース ファイル\Audio\SE</Filter>
    </Media>
    <Media Include="Audio\SE\powerup.wav">
      <Filter>リソース ファイル\Audio\SE</Filter>
    </Media>
    <Media Include="Audio\SE\solid.wav">
      <Filter>リソース ファイル\Audio\SE</Filter>
    </Media>
    <Media Include="Audio\SE\bleep.mp3">
      <Filter>リソース ファイル\Audio\SE</Filter>
    </Media>
  </ItemGroup>
  <ItemGroup>
    <Font Include="Fonts\OCRAEXT.TTF">
      <Filter>リソース ファイル\Fonts</Filter>
    </Font>
  </ItemGroup>
</Project>